
Microsoft Visual Studio Solution File, Format Version 12.00
# Visual Studio Version 17
VisualStudioVersion = 17.14.36202.13
MinimumVisualStudioVersion = 10.0.40219.1
Project("{FAE04EC0-301F-11D3-BF4B-00C04F79EFBC}") = "Fierhub.Service.Library", "Fierhub.Service.Library\Fierhub.Service.Library.csproj", "{33394602-75B0-A2AB-CDAD-B80C3BC9748F}"
EndProject
Global
	GlobalSection(SolutionConfigurationPlatforms) = preSolution
		Debug|Any CPU = Debug|Any CPU
		Release|Any CPU = Release|Any CPU
	EndGlobalSection
	GlobalSection(ProjectConfigurationPlatforms) = postSolution
		{33394602-75B0-A2AB-CDAD-B80C3BC9748F}.Debug|Any CPU.ActiveCfg = Debug|Any CPU
		{33394602-75B0-A2AB-CDAD-B80C3BC9748F}.Debug|Any CPU.Build.0 = Debug|Any CPU
		{33394602-75B0-A2AB-CDAD-B80C3BC9748F}.Release|Any CPU.ActiveCfg = Release|Any CPU
		{33394602-75B0-A2AB-CDAD-B80C3BC9748F}.Release|Any CPU.Build.0 = Release|Any CPU
	EndGlobalSection
	GlobalSection(SolutionProperties) = preSolution
		HideSolutionNode = FALSE
	EndGlobalSection
	GlobalSection(ExtensibilityGlobals) = postSolution
		SolutionGuid = {2E5B84C6-AD4B-4DFD-B032-2F0BAA5CB9B1}
	EndGlobalSection
EndGlobal
